{
  "name": "wechart",
  "version": "1.0.0",
  "lockfileVersion": 2,
  "requires": true,
  "packages": {
    "": {
      "name": "wechart",
      "version": "1.0.0",
      "license": "ISC",
      "dependencies": {
        "vant-weapp": "^0.5.29"
      }
    },
    "node_modules/vant-weapp": {
      "version": "0.5.29",
      "resolved": "https://registry.npmmirror.com/vant-weapp/download/vant-weapp-0.5.29.tgz",
      "integrity": "sha1-i7wJQmPNilYMkzKy514tuibMBeA="
    }
  },
  "dependencies": {
    "vant-weapp": {
      "version": "0.5.29",
      "resolved": "https://registry.npmmirror.com/vant-weapp/download/vant-weapp-0.5.29.tgz",
      "integrity": "sha1-i7wJQmPNilYMkzKy514tuibMBeA="
    }
  }
}
